// !$*UTF8*$!
{
	archiveVersion = 1;
	classes = {
	};
	objectVersion = 77;
	objects = {

/* Begin PBXContainerItemProxy section */
		38504BE130225C5A006D2EA2 /* PBXContainerItemProxy */ = {
			isa = PBXContainerItemProxy;
			containerPortal = 38504BC930225C56006D2EA2 /* Project object */;
			proxyType = 1;
			remoteGlobalIDString = 38504BD030225C56006D2EA2;
			remoteInfo = iCloudPhoto2Nextcloud;
		};
		38504BEB30225C5A006D2EA2 /* PBXContainerItemProxy */ = {
			isa = PBXContainerItemProxy;
			containerPortal = 38504BC930225C56006D2EA2 /* Project object */;
			proxyType = 1;
			remoteGlobalIDString = 38504BD030225C56006D2EA2;
			remoteInfo = iCloudPhoto2Nextcloud;
		};
/* End PBXContainerItemProxy section */

/* Begin PBXFileReference section */
		38504BD130225C56006D2EA2 /* iCloudPhoto2Nextcloud.app */ = {isa = PBXFileReference; explicitFileType = wrapper.application; includeInIndex = 0; path = iCloudPhoto2Nextcloud.app; sourceTree = BUILT_PRODUCTS_DIR; };
		38504BE030225C5A006D2EA2 /* iCloudPhoto2NextcloudTests.xctest */ = {isa = PBXFileReference; explicitFileType = wrapper.cfbundle; includeInIndex = 0; path = iCloudPhoto2NextcloudTests.xctest; sourceTree = BUILT_PRODUCTS_DIR; };
		38504BEA30225C5A006D2EA2 /* iCloudPhoto2NextcloudUITests.xctest */ = {isa = PBXFileReference; explicitFileType = wrapper.cfbundle; includeInIndex = 0; path = iCloudPhoto2NextcloudUITests.xctest; sourceTree = BUILT_PRODUCTS_DIR; };
/* End PBXFileReference section */

/* Begin PBXFileSystemSynchronizedRootGroup section */
		38504BD330225C56006D2EA2 /* iCloudPhoto2Nextcloud */ = {
			isa = PBXFileSystemSynchronizedRootGroup;
			path = iCloudPhoto2Nextcloud;
			sourceTree = "<group>";
		};
		38504BE330225C5A006D2EA2 /* iCloudPhoto2NextcloudTests */ = {
			isa = PBXFileSystemSynchronizedRootGroup;
			path = iCloudPhoto2NextcloudTests;
			sourceTree = "<group>";
		};
		38504BED30225C5A006D2EA2 /* iCloudPhoto2NextcloudUITests */ = {
			isa = PBXFileSystemSynchronizedRootGroup;
			path = iCloudPhoto2NextcloudUITests;
			sourceTree = "<group>";
		};
/* End PBXFileSystemSynchronizedRootGroup section */

/* Begin PBXFrameworksBuildPhase section */
		38504BCE30225C56006D2EA2 /* Frameworks */ = {
			isa = PBXFrameworksBuildPhase;
			buildActionMask = 2147483647;
			files = (
			);
			runOnlyForDeploymentPostprocessing = 0;
		};
		38504BDD30225C5A006D2EA2 /* Frameworks */ = {
			isa = PBXFrameworksBuildPhase;
			buildActionMask = 2147483647;
			files = (
			);
			runOnlyForDeploymentPostprocessing = 0;
		};
		38504BE730225C5A006D2EA2 /* Frameworks */ = {
			isa = PBXFrameworksBuildPhase;
			buildActionMask = 2147483647;
			files = (
			);
			runOnlyForDeploymentPostprocessing = 0;
		};
/* End PBXFrameworksBuildPhase section */

/* Begin PBXGroup section */
		38504BC830225C56006D2EA2 = {
			isa = PBXGroup;
			children = (
				38504BD330225C56006D2EA2 /* iCloudPhoto2Nextcloud */,
				38504BE330225C5A006D2EA2 /* iCloudPhoto2NextcloudTests */,
				38504BED30225C5A006D2EA2 /* iCloudPhoto2NextcloudUITests */,
				38504BD230225C56006D2EA2 /* Products */,
			);
			sourceTree = "<group>";
		};
		38504BD230225C56006D2EA2 /* Products */ = {
			isa = PBXGroup;
			children = (
				38504BD130225C56006D2EA2 /* iCloudPhoto2Nextcloud.app */,
				38504BE030225C5A006D2EA2 /* iCloudPhoto2NextcloudTests.xctest */,
				38504BEA30225C5A006D2EA2 /* iCloudPhoto2NextcloudUITests.xctest */,
			);
			name = Products;
			sourceTree = "<group>";
		};
/* End PBXGroup section */

/* Begin PBXNativeTarget section */
		38504BD030225C56006D2EA2 /* iCloudPhoto2Nextcloud */ = {
			isa = PBXNativeTarget;
			buildConfigurationList = 38504BF430225C5A006D2EA2 /* Build configuration list for PBXNativeTarget "iCloudPhoto2Nextcloud" */;
			buildPhases = (
				38504BCD30225C56006D2EA2 /* Sources */,
				38504BCE30225C56006D2EA2 /* Frameworks */,
				38504BCF30225C56006D2EA2 /* Resources */,
			);
			buildRules = (
			);
			dependencies = (
			);
			fileSystemSynchronizedGroups = (
				38504BD330225C56006D2EA2 /* iCloudPhoto2Nextcloud */,
			);
			name = iCloudPhoto2Nextcloud;
			packageProductDependencies = (
			);
			productName = iCloudPhoto2Nextcloud;
			productReference = 38504BD130225C56006D2EA2 /* iCloudPhoto2Nextcloud.app */;
			productType = "com.apple.product-type.application";
		};
		38504BDF30225C5A006D2EA2 /* iCloudPhoto2NextcloudTests */ = {
			isa = PBXNativeTarget;
			buildConfigurationList = 38504BF730225C5A006D2EA2 /* Build configuration list for PBXNativeTarget "iCloudPhoto2NextcloudTests" */;
			buildPhases = (
				38504BDC30225C5A006D2EA2 /* Sources */,
				38504BDD30225C5A006D2EA2 /* Frameworks */,
				38504BDE30225C5A006D2EA2 /* Resources */,
			);
			buildRules = (
			);
			dependencies = (
				38504BE230225C5A006D2EA2 /* PBXTargetDependency */,
			);
			fileSystemSynchronizedGroups = (
				38504BE330225C5A006D2EA2 /* iCloudPhoto2NextcloudTests */,
			);
			name = iCloudPhoto2NextcloudTests;
			packageProductDependencies = (
			);
			productName = iCloudPhoto2NextcloudTests;
			productReference = 38504BE030225C5A006D2EA2 /* iCloudPhoto2NextcloudTests.xctest */;
			productType = "com.apple.product-type.bundle.unit-test";
		};
		38504BE930225C5A006D2EA2 /* iCloudPhoto2NextcloudUITests */ = {
			isa = PBXNativeTarget;
			buildConfigurationList = 38504BFA30225C5A006D2EA2 /* Build configuration list for PBXNativeTarget "iCloudPhoto2NextcloudUITests" */;
			buildPhases = (
				38504BE630225C5A006D2EA2 /* Sources */,
				38504BE730225C5A006D2EA2 /* Frameworks */,
				38504BE830225C5A006D2EA2 /* Resources */,
			);
			buildRules = (
			);
			dependencies = (
				38504BEC30225C5A006D2EA2 /* PBXTargetDependency */,
			);
			fileSystemSynchronizedGroups = (
				38504BED30225C5A006D2EA2 /* iCloudPhoto2NextcloudUITests */,
			);
			name = iCloudPhoto2NextcloudUITests;
			packageProductDependencies = (
			);
			productName = iCloudPhoto2NextcloudUITests;
			productReference = 38504BEA30225C5A006D2EA2 /* iCloudPhoto2NextcloudUITests.xctest */;
			productType = "com.apple.product-type.bundle.ui-testing";
		};
/* End PBXNativeTarget section */

/* Begin PBXProject section */
		38504BC930225C56006D2EA2 /* Project object */ = {
			isa = PBXProject;
			attributes = {
				BuildIndependentTargetsInParallel = 1;
				LastSwiftUpdateCheck = 2660;
				LastUpgradeCheck = 2660;
				TargetAttributes = {
					38504BD030225C56006D2EA2 = {
						CreatedOnToolsVersion = 26.6;
					};
					38504BDF30225C5A006D2EA2 = {
						CreatedOnToolsVersion = 26.6;
						TestTargetID = 38504BD030225C56006D2EA2;
					};
					38504BE930225C5A006D2EA2 = {
						CreatedOnToolsVersion = 26.6;
						TestTargetID = 38504BD030225C56006D2EA2;
					};
				};
			};
			buildConfigurationList = 38504BCC30225C56006D2EA2 /* Build configuration list for PBXProject "iCloudPhoto2Nextcloud" */;
			developmentRegion = en;
			hasScannedForEncodings = 0;
			knownRegions = (
				en,
				Base,
			);
			mainGroup = 38504BC830225C56006D2EA2;
			minimizedProjectReferenceProxies = 1;
			preferredProjectObjectVersion = 77;
			productRefGroup = 38504BD230225C56006D2EA2 /* Products */;
			projectDirPath = "";
			projectRoot = "";
			targets = (
				38504BD030225C56006D2EA2 /* iCloudPhoto2Nextcloud */,
				38504BDF30225C5A006D2EA2 /* iCloudPhoto2NextcloudTests */,
				38504BE930225C5A006D2EA2 /* iCloudPhoto2NextcloudUITests */,
			);
		};
/* End PBXProject section */

/* Begin PBXResourcesBuildPhase section */
		38504BCF30225C56006D2EA2 /* Resources */ = {
			isa = PBXResourcesBuildPhase;
			buildActionMask = 2147483647;
			files = (
			);
			runOnlyForDeploymentPostprocessing = 0;
		};
		38504BDE30225C5A006D2EA2 /* Resources */ = {
			isa = PBXResourcesBuildPhase;
			buildActionMask = 2147483647;
			files = (
			);
			runOnlyForDeploymentPostprocessing = 0;
		};
		38504BE830225C5A006D2EA2 /* Resources */ = {
			isa = PBXResourcesBuildPhase;
			buildActionMask = 2147483647;
			files = (
			);
			runOnlyForDeploymentPostprocessing = 0;
		};
/* End PBXResourcesBuildPhase section */

/* Begin PBXSourcesBuildPhase section */
		38504BCD30225C56006D2EA2 /* Sources */ = {
			isa = PBXSourcesBuildPhase;
			buildActionMask = 2147483647;
			files = (
			);
			runOnlyForDeploymentPostprocessing = 0;
		};
		38504BDC30225C5A006D2EA2 /* Sources */ = {
			isa = PBXSourcesBuildPhase;
			buildActionMask = 2147483647;
			files = (
			);
			runOnlyForDeploymentPostprocessing = 0;
		};
		38504BE630225C5A006D2EA2 /* Sources */ = {
			isa = PBXSourcesBuildPhase;
			buildActionMask = 2147483647;
			files = (
			);
			runOnlyForDeploymentPostprocessing = 0;
		};
/* End PBXSourcesBuildPhase section */

/* Begin PBXTargetDependency section */
		38504BE230225C5A006D2EA2 /* PBXTargetDependency */ = {
			isa = PBXTargetDependency;
			target = 38504BD030225C56006D2EA2 /* iCloudPhoto2Nextcloud */;
			targetProxy = 38504BE130225C5A006D2EA2 /* PBXContainerItemProxy */;
		};
		38504BEC30225C5A006D2EA2 /* PBXTargetDependency */ = {
			isa = PBXTargetDependency;
			target = 38504BD030225C56006D2EA2 /* iCloudPhoto2Nextcloud */;
			targetProxy = 38504BEB30225C5A006D2EA2 /* PBXContainerItemProxy */;
		};
/* End PBXTargetDependency section */

/* Begin XCBuildConfiguration section */
		38504BF230225C5A006D2EA2 /* Debug */ = {
			isa = XCBuildConfiguration;
			buildSettings = {
				ALWAYS_SEARCH_USER_PATHS = NO;
				ASSETCATALOG_COMPILER_GENERATE_SWIFT_ASSET_SYMBOL_EXTENSIONS = YES;
				CLANG_ANALYZER_NONNULL = YES;
				CLANG_ANALYZER_NUMBER_OBJECT_CONVERSION = YES_AGGRESSIVE;
				CLANG_CXX_LANGUAGE_STANDARD = "gnu++20";
				CLANG_ENABLE_MODULES = YES;
				CLANG_ENABLE_OBJC_ARC = YES;
				CLANG_ENABLE_OBJC_WEAK = YES;
				CLANG_WARN_BLOCK_CAPTURE_AUTORELEASING = YES;
				CLANG_WARN_BOOL_CONVERSION = YES;
				CLANG_WARN_COMMA = YES;
				CLANG_WARN_CONSTANT_CONVERSION = YES;
				CLANG_WARN_DEPRECATED_OBJC_IMPLEMENTATIONS = YES;
				CLANG_WARN_DIRECT_OBJC_ISA_USAGE = YES_ERROR;
				CLANG_WARN_DOCUMENTATION_COMMENTS = YES;
				CLANG_WARN_EMPTY_BODY = YES;
				CLANG_WARN_ENUM_CONVERSION = YES;
				CLANG_WARN_INFINITE_RECURSION = YES;
				CLANG_WARN_INT_CONVERSION = YES;
				CLANG_WARN_NON_LITERAL_NULL_CONVERSION = YES;
				CLANG_WARN_OBJC_IMPLICIT_RETAIN_SELF = YES;
				CLANG_WARN_OBJC_LITERAL_CONVERSION = YES;
				CLANG_WARN_OBJC_ROOT_CLASS = YES_ERROR;
				CLANG_WARN_QUOTED_INCLUDE_IN_FRAMEWORK_HEADER = YES;
				CLANG_WARN_RANGE_LOOP_ANALYSIS = YES;
				CLANG_WARN_STRICT_PROTOTYPES = YES;
				CLANG_WARN_SUSPICIOUS_MOVE = YES;
				CLANG_WARN_UNGUARDED_AVAILABILITY = YES_AGGRESSIVE;
				CLANG_WARN_UNREACHABLE_CODE = YES;
				CLANG_WARN__DUPLICATE_METHOD_MATCH = YES;
				COPY_PHASE_STRIP = NO;
				DEBUG_INFORMATION_FORMAT = dwarf;
				DEVELOPMENT_TEAM = C99VM472HS;
				ENABLE_STRICT_OBJC_MSGSEND = YES;
				ENABLE_TESTABILITY = YES;
				ENABLE_USER_SCRIPT_SANDBOXING = YES;
				GCC_C_LANGUAGE_STANDARD = gnu17;
				GCC_DYNAMIC_NO_PIC = NO;
				GCC_NO_COMMON_BLOCKS = YES;
				GCC_OPTIMIZATION_LEVEL = 0;
				GCC_PREPROCESSOR_DEFINITIONS = (
					"DEBUG=1",
					"$(inherited)",
				);
				GCC_WARN_64_TO_32_BIT_CONVERSION = YES;
				GCC_WARN_ABOUT_RETURN_TYPE = YES_ERROR;
				GCC_WARN_UNDECLARED_SELECTOR = YES;
				GCC_WARN_UNINITIALIZED_AUTOS = YES_AGGRESSIVE;
				GCC_WARN_UNUSED_FUNCTION = YES;
				GCC_WARN_UNUSED_VARIABLE = YES;
				LOCALIZATION_PREFERS_STRING_CATALOGS = YES;
				MACOSX_DEPLOYMENT_TARGET = 26.5;
				MTL_ENABLE_DEBUG_INFO = INCLUDE_SOURCE;
				MTL_FAST_MATH = YES;
				ONLY_ACTIVE_ARCH = YES;
				SDKROOT = macosx;
				SWIFT_ACTIVE_COMPILATION_CONDITIONS = "DEBUG $(inherited)";
				SWIFT_OPTIMIZATION_LEVEL = "-Onone";
			};
			name = Debug;
		};
		38504BF330225C5A006D2EA2 /* Release */ = {
			isa = XCBuildConfiguration;
			buildSettings = {
				ALWAYS_SEARCH_USER_PATHS = NO;
				ASSETCATALOG_COMPILER_GENERATE_SWIFT_ASSET_SYMBOL_EXTENSIONS = YES;
				CLANG_ANALYZER_NONNULL = YES;
				CLANG_ANALYZER_NUMBER_OBJECT_CONVERSION = YES_AGGRESSIVE;
				CLANG_CXX_LANGUAGE_STANDARD = "gnu++20";
				CLANG_ENABLE_MODULES = YES;
				CLANG_ENABLE_OBJC_ARC = YES;
				CLANG_ENABLE_OBJC_WEAK = YES;
				CLANG_WARN_BLOCK_CAPTURE_AUTORELEASING = YES;
				CLANG_WARN_BOOL_CONVERSION = YES;
				CLANG_WARN_COMMA = YES;
				CLANG_WARN_CONSTANT_CONVERSION = YES;
				CLANG_WARN_DEPRECATED_OBJC_IMPLEMENTATIONS = YES;
				CLANG_WARN_DIRECT_OBJC_ISA_USAGE = YES_ERROR;
				CLANG_WARN_DOCUMENTATION_COMMENTS = YES;
				CLANG_WARN_EMPTY_BODY = YES;
				CLANG_WARN_ENUM_CONVERSION = YES;
				CLANG_WARN_INFINITE_RECURSION = YES;
				CLANG_WARN_INT_CONVERSION = YES;
				CLANG_WARN_NON_LITERAL_NULL_CONVERSION = YES;
				CLANG_WARN_OBJC_IMPLICIT_RETAIN_SELF = YES;
				CLANG_WARN_OBJC_LITERAL_CONVERSION = YES;
				CLANG_WARN_OBJC_ROOT_CLASS = YES_ERROR;
				CLANG_WARN_QUOTED_INCLUDE_IN_FRAMEWORK_HEADER = YES;
				CLANG_WARN_RANGE_LOOP_ANALYSIS = YES;
				CLANG_WARN_STRICT_PROTOTYPES = YES;
				CLANG_WARN_SUSPICIOUS_MOVE = YES;
				CLANG_WARN_UNGUARDED_AVAILABILITY = YES_AGGRESSIVE;
				CLANG_WARN_UNREACHABLE_CODE = YES;
				CLANG_WARN__DUPLICATE_METHOD_MATCH = YES;
				COPY_PHASE_STRIP = NO;
				DEBUG_INFORMATION_FORMAT = "dwarf-with-dsym";
				DEVELOPMENT_TEAM = C99VM472HS;
				ENABLE_NS_ASSERTIONS = NO;
				ENABLE_STRICT_OBJC_MSGSEND = YES;
				ENABLE_USER_SCRIPT_SANDBOXING = YES;
				GCC_C_LANGUAGE_STANDARD = gnu17;
				GCC_NO_COMMON_BLOCKS = YES;
				GCC_WARN_64_TO_32_BIT_CONVERSION = YES;
				GCC_WARN_ABOUT_RETURN_TYPE = YES_ERROR;
				GCC_WARN_UNDECLARED_SELECTOR = YES;
				GCC_WARN_UNINITIALIZED_AUTOS = YES_AGGRESSIVE;
				GCC_WARN_UNUSED_FUNCTION = YES;
				GCC_WARN_UNUSED_VARIABLE = YES;
				LOCALIZATION_PREFERS_STRING_CATALOGS = YES;
				MACOSX_DEPLOYMENT_TARGET = 26.5;
				MTL_ENABLE_DEBUG_INFO = NO;
				MTL_FAST_MATH = YES;
				SDKROOT = macosx;
				SWIFT_COMPILATION_MODE = wholemodule;
			};
			name = Release;
		};
		38504BF530225C5A006D2EA2 /* Debug */ = {
			isa = XCBuildConfiguration;
			buildSettings = {
				ASSETCATALOG_COMPILER_APPICON_NAME = AppIcon;
				ASSETCATALOG_COMPILER_GLOBAL_ACCENT_COLOR_NAME = AccentColor;
				CODE_SIGN_STYLE = Automatic;
				COMBINE_HIDPI_IMAGES = YES;
				CURRENT_PROJECT_VERSION = 1;
				DEVELOPMENT_TEAM = C99VM472HS;
				ENABLE_APP_SANDBOX = YES;
				ENABLE_HARDENED_RUNTIME = YES;
				ENABLE_PREVIEWS = YES;
				ENABLE_USER_SELECTED_FILES = readonly;
				GENERATE_INFOPLIST_FILE = YES;
				INFOPLIST_KEY_NSHumanReadableCopyright = "";
				LD_RUNPATH_SEARCH_PATHS = (
					"$(inherited)",
					"@executable_path/../Frameworks",
				);
				MARKETING_VERSION = 1.0;
				PRODUCT_BUNDLE_IDENTIFIER = dev.nitatemic.iCloudPhoto2Nextcloud;
				PRODUCT_NAME = "$(TARGET_NAME)";
				REGISTER_APP_GROUPS = YES;
				STRING_CATALOG_GENERATE_SYMBOLS = YES;
				SWIFT_APPROACHABLE_CONCURRENCY = YES;
				SWIFT_DEFAULT_ACTOR_ISOLATION = MainActor;
				SWIFT_EMIT_LOC_STRINGS = YES;
				SWIFT_UPCOMING_FEATURE_MEMBER_IMPORT_VISIBILITY = YES;
				SWIFT_VERSION = 5.0;
			};
			name = Debug;
		};
		38504BF630225C5A006D2EA2 /* Release */ = {
			isa = XCBuildConfiguration;
			buildSettings = {
				ASSETCATALOG_COMPILER_APPICON_NAME = AppIcon;
				ASSETCATALOG_COMPILER_GLOBAL_ACCENT_COLOR_NAME = AccentColor;
				CODE_SIGN_STYLE = Automatic;
				COMBINE_HIDPI_IMAGES = YES;
				CURRENT_PROJECT_VERSION = 1;
				DEVELOPMENT_TEAM = C99VM472HS;
				ENABLE_APP_SANDBOX = YES;
				ENABLE_HARDENED_RUNTIME = YES;
				ENABLE_PREVIEWS = YES;
				ENABLE_USER_SELECTED_FILES = readonly;
				GENERATE_INFOPLIST_FILE = YES;
				INFOPLIST_KEY_NSHumanReadableCopyright = "";
				LD_RUNPATH_SEARCH_PATHS = (
					"$(inherited)",
					"@executable_path/../Frameworks",
				);
				MARKETING_VERSION = 1.0;
				PRODUCT_BUNDLE_IDENTIFIER = dev.nitatemic.iCloudPhoto2Nextcloud;
				PRODUCT_NAME = "$(TARGET_NAME)";
				REGISTER_APP_GROUPS = YES;
				STRING_CATALOG_GENERATE_SYMBOLS = YES;
				SWIFT_APPROACHABLE_CONCURRENCY = YES;
				SWIFT_DEFAULT_ACTOR_ISOLATION = MainActor;
				SWIFT_EMIT_LOC_STRINGS = YES;
				SWIFT_UPCOMING_FEATURE_MEMBER_IMPORT_VISIBILITY = YES;
				SWIFT_VERSION = 5.0;
			};
			name = Release;
		};
		38504BF830225C5A006D2EA2 /* Debug */ = {
			isa = XCBuildConfiguration;
			buildSettings = {
				BUNDLE_LOADER = "$(TEST_HOST)";
				CODE_SIGN_STYLE = Automatic;
				CURRENT_PROJECT_VERSION = 1;
				DEVELOPMENT_TEAM = C99VM472HS;
				GENERATE_INFOPLIST_FILE = YES;
				MACOSX_DEPLOYMENT_TARGET = 26.5;
				MARKETING_VERSION = 1.0;
				PRODUCT_BUNDLE_IDENTIFIER = dev.nitatemic.iCloudPhoto2NextcloudTests;
				PRODUCT_NAME = "$(TARGET_NAME)";
				STRING_CATALOG_GENERATE_SYMBOLS = NO;
				SWIFT_APPROACHABLE_CONCURRENCY = YES;
				SWIFT_EMIT_LOC_STRINGS = NO;
				SWIFT_UPCOMING_FEATURE_MEMBER_IMPORT_VISIBILITY = YES;
				SWIFT_VERSION = 5.0;
				TEST_HOST = "$(BUILT_PRODUCTS_DIR)/iCloudPhoto2Nextcloud.app/$(BUNDLE_EXECUTABLE_FOLDER_PATH)/iCloudPhoto2Nextcloud";
			};
			name = Debug;
		};
		38504BF930225C5A006D2EA2 /* Release */ = {
			isa = XCBuildConfiguration;
			buildSettings = {
				BUNDLE_LOADER = "$(TEST_HOST)";
				CODE_SIGN_STYLE = Automatic;
				CURRENT_PROJECT_VERSION = 1;
				DEVELOPMENT_TEAM = C99VM472HS;
				GENERATE_INFOPLIST_FILE = YES;
				MACOSX_DEPLOYMENT_TARGET = 26.5;
				MARKETING_VERSION = 1.0;
				PRODUCT_BUNDLE_IDENTIFIER = dev.nitatemic.iCloudPhoto2NextcloudTests;
				PRODUCT_NAME = "$(TARGET_NAME)";
				STRING_CATALOG_GENERATE_SYMBOLS = NO;
				SWIFT_APPROACHABLE_CONCURRENCY = YES;
				SWIFT_EMIT_LOC_STRINGS = NO;
				SWIFT_UPCOMING_FEATURE_MEMBER_IMPORT_VISIBILITY = YES;
				SWIFT_VERSION = 5.0;
				TEST_HOST = "$(BUILT_PRODUCTS_DIR)/iCloudPhoto2Nextcloud.app/$(BUNDLE_EXECUTABLE_FOLDER_PATH)/iCloudPhoto2Nextcloud";
			};
			name = Release;
		};
		38504BFB30225C5A006D2EA2 /* Debug */ = {
			isa = XCBuildConfiguration;
			buildSettings = {
				CODE_SIGN_STYLE = Automatic;
				CURRENT_PROJECT_VERSION = 1;
				DEVELOPMENT_TEAM = C99VM472HS;
				GENERATE_INFOPLIST_FILE = YES;
				MARKETING_VERSION = 1.0;
				PRODUCT_BUNDLE_IDENTIFIER = dev.nitatemic.iCloudPhoto2NextcloudUITests;
				PRODUCT_NAME = "$(TARGET_NAME)";
				STRING_CATALOG_GENERATE_SYMBOLS = NO;
				SWIFT_APPROACHABLE_CONCURRENCY = YES;
				SWIFT_EMIT_LOC_STRINGS = NO;
				SWIFT_UPCOMING_FEATURE_MEMBER_IMPORT_VISIBILITY = YES;
				SWIFT_VERSION = 5.0;
				TEST_TARGET_NAME = iCloudPhoto2Nextcloud;
			};
			name = Debug;
		};
		38504BFC30225C5A006D2EA2 /* Release */ = {
			isa = XCBuildConfiguration;
			buildSettings = {
				CODE_SIGN_STYLE = Automatic;
				CURRENT_PROJECT_VERSION = 1;
				DEVELOPMENT_TEAM = C99VM472HS;
				GENERATE_INFOPLIST_FILE = YES;
				MARKETING_VERSION = 1.0;
				PRODUCT_BUNDLE_IDENTIFIER = dev.nitatemic.iCloudPhoto2NextcloudUITests;
				PRODUCT_NAME = "$(TARGET_NAME)";
				STRING_CATALOG_GENERATE_SYMBOLS = NO;
				SWIFT_APPROACHABLE_CONCURRENCY = YES;
				SWIFT_EMIT_LOC_STRINGS = NO;
				SWIFT_UPCOMING_FEATURE_MEMBER_IMPORT_VISIBILITY = YES;
				SWIFT_VERSION = 5.0;
				TEST_TARGET_NAME = iCloudPhoto2Nextcloud;
			};
			name = Release;
		};
/* End XCBuildConfiguration section */

/* Begin XCConfigurationList section */
		38504BCC30225C56006D2EA2 /* Build configuration list for PBXProject "iCloudPhoto2Nextcloud" */ = {
			isa = XCConfigurationList;
			buildConfigurations = (
				38504BF230225C5A006D2EA2 /* Debug */,
				38504BF330225C5A006D2EA2 /* Release */,
			);
			defaultConfigurationIsVisible = 0;
			defaultConfigurationName = Release;
		};
		38504BF430225C5A006D2EA2 /* Build configuration list for PBXNativeTarget "iCloudPhoto2Nextcloud" */ = {
			isa = XCConfigurationList;
			buildConfigurations = (
				38504BF530225C5A006D2EA2 /* Debug */,
				38504BF630225C5A006D2EA2 /* Release */,
			);
			defaultConfigurationIsVisible = 0;
			defaultConfigurationName = Release;
		};
		38504BF730225C5A006D2EA2 /* Build configuration list for PBXNativeTarget "iCloudPhoto2NextcloudTests" */ = {
			isa = XCConfigurationList;
			buildConfigurations = (
				38504BF830225C5A006D2EA2 /* Debug */,
				38504BF930225C5A006D2EA2 /* Release */,
			);
			defaultConfigurationIsVisible = 0;
			defaultConfigurationName = Release;
		};
		38504BFA30225C5A006D2EA2 /* Build configuration list for PBXNativeTarget "iCloudPhoto2NextcloudUITests" */ = {
			isa = XCConfigurationList;
			buildConfigurations = (
				38504BFB30225C5A006D2EA2 /* Debug */,
				38504BFC30225C5A006D2EA2 /* Release */,
			);
			defaultConfigurationIsVisible = 0;
			defaultConfigurationName = Release;
		};
/* End XCConfigurationList section */
	};
	rootObject = 38504BC930225C56006D2EA2 /* Project object */;
}
